{
  "name": "surf-forecast-api",
  "version": "1.0.0",
  "lockfileVersion": 2,
  "requires": true,
  "packages": {
    "": {
      "version": "1.0.0",
      "license": "ISC",
      "dependencies": {
        "module-alias": "^2.2.2"
      },
      "devDependencies": {
        "@types/module-alias": "^2.0.1",
        "@types/node": "^17.0.6",
        "typescript": "^4.5.4"
      }
    },
    "node_modules/@types/module-alias": {
      "version": "2.0.1",
      "resolved": "https://registry.npmjs.org/@types/module-alias/-/module-alias-2.0.1.tgz",
      "integrity": "sha512-DN/CCT1HQG6HquBNJdLkvV+4v5l/oEuwOHUPLxI+Eub0NED+lk0YUfba04WGH90EINiUrNgClkNnwGmbICeWMQ==",
      "dev": true
    },
    "node_modules/@types/node": {
      "version": "17.0.6",
      "resolved": "https://registry.npmjs.org/@types/node/-/node-17.0.6.tgz",
      "integrity": "sha512-+XBAjfZmmivILUzO0HwBJoYkAyyySSLg5KCGBDFLomJo0sV6szvVLAf4ANZZ0pfWzgEds5KmGLG9D5hfEqOhaA==",
      "dev": true
    },
    "node_modules/module-alias": {
      "version": "2.2.2",
      "resolved": "https://registry.npmjs.org/module-alias/-/module-alias-2.2.2.tgz",
      "integrity": "sha512-A/78XjoX2EmNvppVWEhM2oGk3x4lLxnkEA4jTbaK97QKSDjkIoOsKQlfylt/d3kKKi596Qy3NP5XrXJ6fZIC9Q=="
    },
    "node_modules/typescript": {
      "version": "4.5.4",
      "resolved": "https://registry.npmjs.org/typescript/-/typescript-4.5.4.tgz",
      "integrity": "sha512-VgYs2A2QIRuGphtzFV7aQJduJ2gyfTljngLzjpfW9FoYZF6xuw1W0vW9ghCKLfcWrCFxK81CSGRAvS1pn4fIUg==",
      "dev": true,
      "bin": {
        "tsc": "bin/tsc",
        "tsserver": "bin/tsserver"
      },
      "engines": {
        "node": ">=4.2.0"
      }
    }
  },
  "dependencies": {
    "@types/module-alias": {
      "version": "2.0.1",
      "resolved": "https://registry.npmjs.org/@types/module-alias/-/module-alias-2.0.1.tgz",
      "integrity": "sha512-DN/CCT1HQG6HquBNJdLkvV+4v5l/oEuwOHUPLxI+Eub0NED+lk0YUfba04WGH90EINiUrNgClkNnwGmbICeWMQ==",
      "dev": true
    },
    "@types/node": {
      "version": "17.0.6",
      "resolved": "https://registry.npmjs.org/@types/node/-/node-17.0.6.tgz",
      "integrity": "sha512-+XBAjfZmmivILUzO0HwBJoYkAyyySSLg5KCGBDFLomJo0sV6szvVLAf4ANZZ0pfWzgEds5KmGLG9D5hfEqOhaA==",
      "dev": true
    },
    "module-alias": {
      "version": "2.2.2",
      "resolved": "https://registry.npmjs.org/module-alias/-/module-alias-2.2.2.tgz",
      "integrity": "sha512-A/78XjoX2EmNvppVWEhM2oGk3x4lLxnkEA4jTbaK97QKSDjkIoOsKQlfylt/d3kKKi596Qy3NP5XrXJ6fZIC9Q=="
    },
    "typescript": {
      "version": "4.5.4",
      "resolved": "https://registry.npmjs.org/typescript/-/typescript-4.5.4.tgz",
      "integrity": "sha512-VgYs2A2QIRuGphtzFV7aQJduJ2gyfTljngLzjpfW9FoYZF6xuw1W0vW9ghCKLfcWrCFxK81CSGRAvS1pn4fIUg==",
      "dev": true
    }
  }
}
